// !$*UTF8*$!
{
	archiveVersion = 1;
	classes = {
	};
	objectVersion = 56;
	objects = {

/* Begin PBXBuildFile section */
		ABBAC7A02B62A82200438080 /* CircleImage.swift in Sources */ = {isa = PBXBuildFile; fileRef = ABBAC79F2B62A82200438080 /* CircleImage.swift */; };
		ABBAC7A22B62DBF200438080 /* MapView.swift in Sources */ = {isa = PBXBuildFile; fileRef = ABBAC7A12B62DBF200438080 /* MapView.swift */; };
		ABBAC7A42B62EC3100438080 /* landmarkData.json in Resources */ = {isa = PBXBuildFile; fileRef = ABBAC7A32B62EC3100438080 /* landmarkData.json */; };
		ABBAC7A62B62F23600438080 /* Landmark.swift in Sources */ = {isa = PBXBuildFile; fileRef = ABBAC7A52B62F23600438080 /* Landmark.swift */; };
		ABBAC7A82B639FA600438080 /* ModelData.swift in Sources */ = {isa = PBXBuildFile; fileRef = ABBAC7A72B639FA600438080 /* ModelData.swift */; };
		ABBAC7AF2B63A41700438080 /* LandmarkRow.swift in Sources */ = {isa = PBXBuildFile; fileRef = ABBAC7AE2B63A41700438080 /* LandmarkRow.swift */; };
		ABBAC7B12B63AA8E00438080 /* LandmarkList.swift in Sources */ = {isa = PBXBuildFile; fileRef = ABBAC7B02B63AA8E00438080 /* LandmarkList.swift */; };
		ABBAC7B32B63AC0200438080 /* LandmarkDetail.swift in Sources */ = {isa = PBXBuildFile; fileRef = ABBAC7B22B63AC0200438080 /* LandmarkDetail.swift */; };
		ABD57A092B5D176F0040B6BF /* LandmarksApp.swift in Sources */ = {isa = PBXBuildFile; fileRef = ABD57A082B5D176F0040B6BF /* LandmarksApp.swift */; };
		ABD57A0B2B5D176F0040B6BF /* ContentView.swift in Sources */ = {isa = PBXBuildFile; fileRef = ABD57A0A2B5D176F0040B6BF /* ContentView.swift */; };
		ABD57A0D2B5D17750040B6BF /* Assets.xcassets in Resources */ = {isa = PBXBuildFile; fileRef = ABD57A0C2B5D17750040B6BF /* Assets.xcassets */; };
		ABD57A102B5D17750040B6BF /* Preview Assets.xcassets in Resources */ = {isa = PBXBuildFile; fileRef = ABD57A0F2B5D17750040B6BF /* Preview Assets.xcassets */; };
		ABD57A1A2B5D17760040B6BF /* LandmarksTests.swift in Sources */ = {isa = PBXBuildFile; fileRef = ABD57A192B5D17760040B6BF /* LandmarksTests.swift */; };
		ABD57A242B5D17760040B6BF /* LandmarksUITests.swift in Sources */ = {isa = PBXBuildFile; fileRef = ABD57A232B5D17760040B6BF /* LandmarksUITests.swift */; };
		ABD57A262B5D17760040B6BF /* LandmarksUITestsLaunchTests.swift in Sources */ = {isa = PBXBuildFile; fileRef = ABD57A252B5D17760040B6BF /* LandmarksUITestsLaunchTests.swift */; };
/* End PBXBuildFile section */

/* Begin PBXContainerItemProxy section */
		ABD57A162B5D17760040B6BF /* PBXContainerItemProxy */ = {
			isa = PBXContainerItemProxy;
			containerPortal = ABD579FD2B5D176F0040B6BF /* Project object */;
			proxyType = 1;
			remoteGlobalIDString = ABD57A042B5D176F0040B6BF;
			remoteInfo = Landmarks;
		};
		ABD57A202B5D17760040B6BF /* PBXContainerItemProxy */ = {
			isa = PBXContainerItemProxy;
			containerPortal = ABD579FD2B5D176F0040B6BF /* Project object */;
			proxyType = 1;
			remoteGlobalIDString = ABD57A042B5D176F0040B6BF;
			remoteInfo = Landmarks;
		};
/* End PBXContainerItemProxy section */

/* Begin PBXFileReference section */
		ABBAC79F2B62A82200438080 /* CircleImage.swift */ = {isa = PBXFileReference; lastKnownFileType = sourcecode.swift; path = CircleImage.swift; sourceTree = "<group>"; };
		ABBAC7A12B62DBF200438080 /* MapView.swift */ = {isa = PBXFileReference; lastKnownFileType = sourcecode.swift; path = MapView.swift; sourceTree = "<group>"; };
		ABBAC7A32B62EC3100438080 /* landmarkData.json */ = {isa = PBXFileReference; fileEncoding = 4; lastKnownFileType = text.json; path = landmarkData.json; sourceTree = "<group>"; };
		ABBAC7A52B62F23600438080 /* Landmark.swift */ = {isa = PBXFileReference; lastKnownFileType = sourcecode.swift; path = Landmark.swift; sourceTree = "<group>"; };
		ABBAC7A72B639FA600438080 /* ModelData.swift */ = {isa = PBXFileReference; lastKnownFileType = sourcecode.swift; path = ModelData.swift; sourceTree = "<group>"; };
		ABBAC7AE2B63A41700438080 /* LandmarkRow.swift */ = {isa = PBXFileReference; lastKnownFileType = sourcecode.swift; path = LandmarkRow.swift; sourceTree = "<group>"; };
		ABBAC7B02B63AA8E00438080 /* LandmarkList.swift */ = {isa = PBXFileReference; lastKnownFileType = sourcecode.swift; path = LandmarkList.swift; sourceTree = "<group>"; };
		ABBAC7B22B63AC0200438080 /* LandmarkDetail.swift */ = {isa = PBXFileReference; lastKnownFileType = sourcecode.swift; path = LandmarkDetail.swift; sourceTree = "<group>"; };
		ABD57A052B5D176F0040B6BF /* Landmarks.app */ = {isa = PBXFileReference; explicitFileType = wrapper.application; includeInIndex = 0; path = Landmarks.app; sourceTree = BUILT_PRODUCTS_DIR; };
		ABD57A082B5D176F0040B6BF /* LandmarksApp.swift */ = {isa = PBXFileReference; lastKnownFileType = sourcecode.swift; path = LandmarksApp.swift; sourceTree = "<group>"; };
		ABD57A0A2B5D176F0040B6BF /* ContentView.swift */ = {isa = PBXFileReference; lastKnownFileType = sourcecode.swift; path = ContentView.swift; sourceTree = "<group>"; };
		ABD57A0C2B5D17750040B6BF /* Assets.xcassets */ = {isa = PBXFileReference; lastKnownFileType = folder.assetcatalog; path = Assets.xcassets; sourceTree = "<group>"; };
		ABD57A0F2B5D17750040B6BF /* Preview Assets.xcassets */ = {isa = PBXFileReference; lastKnownFileType = folder.assetcatalog; path = "Preview Assets.xcassets"; sourceTree = "<group>"; };
		ABD57A152B5D17760040B6BF /* LandmarksTests.xctest */ = {isa = PBXFileReference; explicitFileType = wrapper.cfbundle; includeInIndex = 0; path = LandmarksTests.xctest; sourceTree = BUILT_PRODUCTS_DIR; };
		ABD57A192B5D17760040B6BF /* LandmarksTests.swift */ = {isa = PBXFileReference; lastKnownFileType = sourcecode.swift; path = LandmarksTests.swift; sourceTree = "<group>"; };
		ABD57A1F2B5D17760040B6BF /* LandmarksUITests.xctest */ = {isa = PBXFileReference; explicitFileType = wrapper.cfbundle; includeInIndex = 0; path = LandmarksUITests.xctest; sourceTree = BUILT_PRODUCTS_DIR; };
		ABD57A232B5D17760040B6BF /* LandmarksUITests.swift */ = {isa = PBXFileReference; lastKnownFileType = sourcecode.swift; path = LandmarksUITests.swift; sourceTree = "<group>"; };
		ABD57A252B5D17760040B6BF /* LandmarksUITestsLaunchTests.swift */ = {isa = PBXFileReference; lastKnownFileType = sourcecode.swift; path = LandmarksUITestsLaunchTests.swift; sourceTree = "<group>"; };
/* End PBXFileReference section */

/* Begin PBXFrameworksBuildPhase section */
		ABD57A022B5D176F0040B6BF /* Frameworks */ = {
			isa = PBXFrameworksBuildPhase;
			buildActionMask = 2147483647;
			files = (
			);
			runOnlyForDeploymentPostprocessing = 0;
		};
		ABD57A122B5D17760040B6BF /* Frameworks */ = {
			isa = PBXFrameworksBuildPhase;
			buildActionMask = 2147483647;
			files = (
			);
			runOnlyForDeploymentPostprocessing = 0;
		};
		ABD57A1C2B5D17760040B6BF /* Frameworks */ = {
			isa = PBXFrameworksBuildPhase;
			buildActionMask = 2147483647;
			files = (
			);
			runOnlyForDeploymentPostprocessing = 0;
		};
/* End PBXFrameworksBuildPhase section */

/* Begin PBXGroup section */
		ABBAC7A92B63A1D300438080 /* Model */ = {
			isa = PBXGroup;
			children = (
				ABBAC7A52B62F23600438080 /* Landmark.swift */,
				ABBAC7A72B639FA600438080 /* ModelData.swift */,
			);
			path = Model;
			sourceTree = "<group>";
		};
		ABBAC7AC2B63A2AD00438080 /* Views */ = {
			isa = PBXGroup;
			children = (
				ABBAC79F2B62A82200438080 /* CircleImage.swift */,
				ABBAC7A12B62DBF200438080 /* MapView.swift */,
				ABD57A0A2B5D176F0040B6BF /* ContentView.swift */,
				ABBAC7AE2B63A41700438080 /* LandmarkRow.swift */,
				ABBAC7B02B63AA8E00438080 /* LandmarkList.swift */,
				ABBAC7B22B63AC0200438080 /* LandmarkDetail.swift */,
			);
			path = Views;
			sourceTree = "<group>";
		};
		ABBAC7AD2B63A30100438080 /* Resources */ = {
			isa = PBXGroup;
			children = (
				ABBAC7A32B62EC3100438080 /* landmarkData.json */,
			);
			path = Resources;
			sourceTree = "<group>";
		};
		ABD579FC2B5D176F0040B6BF = {
			isa = PBXGroup;
			children = (
				ABD57A072B5D176F0040B6BF /* Landmarks */,
				ABD57A182B5D17760040B6BF /* LandmarksTests */,
				ABD57A222B5D17760040B6BF /* LandmarksUITests */,
				ABD57A062B5D176F0040B6BF /* Products */,
			);
			sourceTree = "<group>";
		};
		ABD57A062B5D176F0040B6BF /* Products */ = {
			isa = PBXGroup;
			children = (
				ABD57A052B5D176F0040B6BF /* Landmarks.app */,
				ABD57A152B5D17760040B6BF /* LandmarksTests.xctest */,
				ABD57A1F2B5D17760040B6BF /* LandmarksUITests.xctest */,
			);
			name = Products;
			sourceTree = "<group>";
		};
		ABD57A072B5D176F0040B6BF /* Landmarks */ = {
			isa = PBXGroup;
			children = (
				ABD57A082B5D176F0040B6BF /* LandmarksApp.swift */,
				ABBAC7AC2B63A2AD00438080 /* Views */,
				ABBAC7A92B63A1D300438080 /* Model */,
				ABBAC7AD2B63A30100438080 /* Resources */,
				ABD57A0C2B5D17750040B6BF /* Assets.xcassets */,
				ABD57A0E2B5D17750040B6BF /* Preview Content */,
			);
			path = Landmarks;
			sourceTree = "<group>";
		};
		ABD57A0E2B5D17750040B6BF /* Preview Content */ = {
			isa = PBXGroup;
			children = (
				ABD57A0F2B5D17750040B6BF /* Preview Assets.xcassets */,
			);
			path = "Preview Content";
			sourceTree = "<group>";
		};
		ABD57A182B5D17760040B6BF /* LandmarksTests */ = {
			isa = PBXGroup;
			children = (
				ABD57A192B5D17760040B6BF /* LandmarksTests.swift */,
			);
			path = LandmarksTests;
			sourceTree = "<group>";
		};
		ABD57A222B5D17760040B6BF /* LandmarksUITests */ = {
			isa = PBXGroup;
			children = (
				ABD57A232B5D17760040B6BF /* LandmarksUITests.swift */,
				ABD57A252B5D17760040B6BF /* LandmarksUITestsLaunchTests.swift */,
			);
			path = LandmarksUITests;
			sourceTree = "<group>";
		};
/* End PBXGroup section */

/* Begin PBXNativeTarget section */
		ABD57A042B5D176F0040B6BF /* Landmarks */ = {
			isa = PBXNativeTarget;
			buildConfigurationList = ABD57A292B5D17760040B6BF /* Build configuration list for PBXNativeTarget "Landmarks" */;
			buildPhases = (
				ABD57A012B5D176F0040B6BF /* Sources */,
				ABD57A022B5D176F0040B6BF /* Frameworks */,
				ABD57A032B5D176F0040B6BF /* Resources */,
			);
			buildRules = (
			);
			dependencies = (
			);
			name = Landmarks;
			productName = Landmarks;
			productReference = ABD57A052B5D176F0040B6BF /* Landmarks.app */;
			productType = "com.apple.product-type.application";
		};
		ABD57A142B5D17760040B6BF /* LandmarksTests */ = {
			isa = PBXNativeTarget;
			buildConfigurationList = ABD57A2C2B5D17760040B6BF /* Build configuration list for PBXNativeTarget "LandmarksTests" */;
			buildPhases = (
				ABD57A112B5D17760040B6BF /* Sources */,
				ABD57A122B5D17760040B6BF /* Frameworks */,
				ABD57A132B5D17760040B6BF /* Resources */,
			);
			buildRules = (
			);
			dependencies = (
				ABD57A172B5D17760040B6BF /* PBXTargetDependency */,
			);
			name = LandmarksTests;
			productName = LandmarksTests;
			productReference = ABD57A152B5D17760040B6BF /* LandmarksTests.xctest */;
			productType = "com.apple.product-type.bundle.unit-test";
		};
		ABD57A1E2B5D17760040B6BF /* LandmarksUITests */ = {
			isa = PBXNativeTarget;
			buildConfigurationList = ABD57A2F2B5D17760040B6BF /* Build configuration list for PBXNativeTarget "LandmarksUITests" */;
			buildPhases = (
				ABD57A1B2B5D17760040B6BF /* Sources */,
				ABD57A1C2B5D17760040B6BF /* Frameworks */,
				ABD57A1D2B5D17760040B6BF /* Resources */,
			);
			buildRules = (
			);
			dependencies = (
				ABD57A212B5D17760040B6BF /* PBXTargetDependency */,
			);
			name = LandmarksUITests;
			productName = LandmarksUITests;
			productReference = ABD57A1F2B5D17760040B6BF /* LandmarksUITests.xctest */;
			productType = "com.apple.product-type.bundle.ui-testing";
		};
/* End PBXNativeTarget section */

/* Begin PBXProject section */
		ABD579FD2B5D176F0040B6BF /* Project object */ = {
			isa = PBXProject;
			attributes = {
				BuildIndependentTargetsInParallel = 1;
				LastSwiftUpdateCheck = 1520;
				LastUpgradeCheck = 1520;
				TargetAttributes = {
					ABD57A042B5D176F0040B6BF = {
						CreatedOnToolsVersion = 15.2;
					};
					ABD57A142B5D17760040B6BF = {
						CreatedOnToolsVersion = 15.2;
						TestTargetID = ABD57A042B5D176F0040B6BF;
					};
					ABD57A1E2B5D17760040B6BF = {
						CreatedOnToolsVersion = 15.2;
						TestTargetID = ABD57A042B5D176F0040B6BF;
					};
				};
			};
			buildConfigurationList = ABD57A002B5D176F0040B6BF /* Build configuration list for PBXProject "Landmarks" */;
			compatibilityVersion = "Xcode 14.0";
			developmentRegion = en;
			hasScannedForEncodings = 0;
			knownRegions = (
				en,
				Base,
			);
			mainGroup = ABD579FC2B5D176F0040B6BF;
			productRefGroup = ABD57A062B5D176F0040B6BF /* Products */;
			projectDirPath = "";
			projectRoot = "";
			targets = (
				ABD57A042B5D176F0040B6BF /* Landmarks */,
				ABD57A142B5D17760040B6BF /* LandmarksTests */,
				ABD57A1E2B5D17760040B6BF /* LandmarksUITests */,
			);
		};
/* End PBXProject section */

/* Begin PBXResourcesBuildPhase section */
		ABD57A032B5D176F0040B6BF /* Resources */ = {
			isa = PBXResourcesBuildPhase;
			buildActionMask = 2147483647;
			files = (
				ABD57A102B5D17750040B6BF /* Preview Assets.xcassets in Resources */,
				ABD57A0D2B5D17750040B6BF /* Assets.xcassets in Resources */,
				ABBAC7A42B62EC3100438080 /* landmarkData.json in Resources */,
			);
			runOnlyForDeploymentPostprocessing = 0;
		};
		ABD57A132B5D17760040B6BF /* Resources */ = {
			isa = PBXResourcesBuildPhase;
			buildActionMask = 2147483647;
			files = (
			);
			runOnlyForDeploymentPostprocessing = 0;
		};
		ABD57A1D2B5D17760040B6BF /* Resources */ = {
			isa = PBXResourcesBuildPhase;
			buildActionMask = 2147483647;
			files = (
			);
			runOnlyForDeploymentPostprocessing = 0;
		};
/* End PBXResourcesBuildPhase section */

/* Begin PBXSourcesBuildPhase section */
		ABD57A012B5D176F0040B6BF /* Sources */ = {
			isa = PBXSourcesBuildPhase;
			buildActionMask = 2147483647;
			files = (
				ABD57A0B2B5D176F0040B6BF /* ContentView.swift in Sources */,
				ABBAC7A22B62DBF200438080 /* MapView.swift in Sources */,
				ABD57A092B5D176F0040B6BF /* LandmarksApp.swift in Sources */,
				ABBAC7B12B63AA8E00438080 /* LandmarkList.swift in Sources */,
				ABBAC7B32B63AC0200438080 /* LandmarkDetail.swift in Sources */,
				ABBAC7A02B62A82200438080 /* CircleImage.swift in Sources */,
				ABBAC7A62B62F23600438080 /* Landmark.swift in Sources */,
				ABBAC7AF2B63A41700438080 /* LandmarkRow.swift in Sources */,
				ABBAC7A82B639FA600438080 /* ModelData.swift in Sources */,
			);
			runOnlyForDeploymentPostprocessing = 0;
		};
		ABD57A112B5D17760040B6BF /* Sources */ = {
			isa = PBXSourcesBuildPhase;
			buildActionMask = 2147483647;
			files = (
				ABD57A1A2B5D17760040B6BF /* LandmarksTests.swift in Sources */,
			);
			runOnlyForDeploymentPostprocessing = 0;
		};
		ABD57A1B2B5D17760040B6BF /* Sources */ = {
			isa = PBXSourcesBuildPhase;
			buildActionMask = 2147483647;
			files = (
				ABD57A262B5D17760040B6BF /* LandmarksUITestsLaunchTests.swift in Sources */,
				ABD57A242B5D17760040B6BF /* LandmarksUITests.swift in Sources */,
			);
			runOnlyForDeploymentPostprocessing = 0;
		};
/* End PBXSourcesBuildPhase section */

/* Begin PBXTargetDependency section */
		ABD57A172B5D17760040B6BF /* PBXTargetDependency */ = {
			isa = PBXTargetDependency;
			target = ABD57A042B5D176F0040B6BF /* Landmarks */;
			targetProxy = ABD57A162B5D17760040B6BF /* PBXContainerItemProxy */;
		};
		ABD57A212B5D17760040B6BF /* PBXTargetDependency */ = {
			isa = PBXTargetDependency;
			target = ABD57A042B5D176F0040B6BF /* Landmarks */;
			targetProxy = ABD57A202B5D17760040B6BF /* PBXContainerItemProxy */;
		};
/* End PBXTargetDependency section */

/* Begin XCBuildConfiguration section */
		ABD57A272B5D17760040B6BF /* Debug */ = {
			isa = XCBuildConfiguration;
			buildSettings = {
				ALWAYS_SEARCH_USER_PATHS = NO;
				ASSETCATALOG_COMPILER_GENERATE_SWIFT_ASSET_SYMBOL_EXTENSIONS = YES;
				CLANG_ANALYZER_NONNULL = YES;
				CLANG_ANALYZER_NUMBER_OBJECT_CONVERSION = YES_AGGRESSIVE;
				CLANG_CXX_LANGUAGE_STANDARD = "gnu++20";
				CLANG_ENABLE_MODULES = YES;
				CLANG_ENABLE_OBJC_ARC = YES;
				CLANG_ENABLE_OBJC_WEAK = YES;
				CLANG_WARN_BLOCK_CAPTURE_AUTORELEASING = YES;
				CLANG_WARN_BOOL_CONVERSION = YES;
				CLANG_WARN_COMMA = YES;
				CLANG_WARN_CONSTANT_CONVERSION = YES;
				CLANG_WARN_DEPRECATED_OBJC_IMPLEMENTATIONS = YES;
				CLANG_WARN_DIRECT_OBJC_ISA_USAGE = YES_ERROR;
				CLANG_WARN_DOCUMENTATION_COMMENTS = YES;
				CLANG_WARN_EMPTY_BODY = YES;
				CLANG_WARN_ENUM_CONVERSION = YES;
				CLANG_WARN_INFINITE_RECURSION = YES;
				CLANG_WARN_INT_CONVERSION = YES;
				CLANG_WARN_NON_LITERAL_NULL_CONVERSION = YES;
				CLANG_WARN_OBJC_IMPLICIT_RETAIN_SELF = YES;
				CLANG_WARN_OBJC_LITERAL_CONVERSION = YES;
				CLANG_WARN_OBJC_ROOT_CLASS = YES_ERROR;
				CLANG_WARN_QUOTED_INCLUDE_IN_FRAMEWORK_HEADER = YES;
				CLANG_WARN_RANGE_LOOP_ANALYSIS = YES;
				CLANG_WARN_STRICT_PROTOTYPES = YES;
				CLANG_WARN_SUSPICIOUS_MOVE = YES;
				CLANG_WARN_UNGUARDED_AVAILABILITY = YES_AGGRESSIVE;
				CLANG_WARN_UNREACHABLE_CODE = YES;
				CLANG_WARN__DUPLICATE_METHOD_MATCH = YES;
				COPY_PHASE_STRIP = NO;
				DEBUG_INFORMATION_FORMAT = dwarf;
				ENABLE_STRICT_OBJC_MSGSEND = YES;
				ENABLE_TESTABILITY = YES;
				ENABLE_USER_SCRIPT_SANDBOXING = YES;
				GCC_C_LANGUAGE_STANDARD = gnu17;
				GCC_DYNAMIC_NO_PIC = NO;
				GCC_NO_COMMON_BLOCKS = YES;
				GCC_OPTIMIZATION_LEVEL = 0;
				GCC_PREPROCESSOR_DEFINITIONS = (
					"DEBUG=1",
					"$(inherited)",
				);
				GCC_WARN_64_TO_32_BIT_CONVERSION = YES;
				GCC_WARN_ABOUT_RETURN_TYPE = YES_ERROR;
				GCC_WARN_UNDECLARED_SELECTOR = YES;
				GCC_WARN_UNINITIALIZED_AUTOS = YES_AGGRESSIVE;
				GCC_WARN_UNUSED_FUNCTION = YES;
				GCC_WARN_UNUSED_VARIABLE = YES;
				IPHONEOS_DEPLOYMENT_TARGET = 17.2;
				LOCALIZATION_PREFERS_STRING_CATALOGS = YES;
				MTL_ENABLE_DEBUG_INFO = INCLUDE_SOURCE;
				MTL_FAST_MATH = YES;
				ONLY_ACTIVE_ARCH = YES;
				SDKROOT = iphoneos;
				SWIFT_ACTIVE_COMPILATION_CONDITIONS = "DEBUG $(inherited)";
				SWIFT_OPTIMIZATION_LEVEL = "-Onone";
			};
			name = Debug;
		};
		ABD57A282B5D17760040B6BF /* Release */ = {
			isa = XCBuildConfiguration;
			buildSettings = {
				ALWAYS_SEARCH_USER_PATHS = NO;
				ASSETCATALOG_COMPILER_GENERATE_SWIFT_ASSET_SYMBOL_EXTENSIONS = YES;
				CLANG_ANALYZER_NONNULL = YES;
				CLANG_ANALYZER_NUMBER_OBJECT_CONVERSION = YES_AGGRESSIVE;
				CLANG_CXX_LANGUAGE_STANDARD = "gnu++20";
				CLANG_ENABLE_MODULES = YES;
				CLANG_ENABLE_OBJC_ARC = YES;
				CLANG_ENABLE_OBJC_WEAK = YES;
				CLANG_WARN_BLOCK_CAPTURE_AUTORELEASING = YES;
				CLANG_WARN_BOOL_CONVERSION = YES;
				CLANG_WARN_COMMA = YES;
				CLANG_WARN_CONSTANT_CONVERSION = YES;
				CLANG_WARN_DEPRECATED_OBJC_IMPLEMENTATIONS = YES;
				CLANG_WARN_DIRECT_OBJC_ISA_USAGE = YES_ERROR;
				CLANG_WARN_DOCUMENTATION_COMMENTS = YES;
				CLANG_WARN_EMPTY_BODY = YES;
				CLANG_WARN_ENUM_CONVERSION = YES;
				CLANG_WARN_INFINITE_RECURSION = YES;
				CLANG_WARN_INT_CONVERSION = YES;
				CLANG_WARN_NON_LITERAL_NULL_CONVERSION = YES;
				CLANG_WARN_OBJC_IMPLICIT_RETAIN_SELF = YES;
				CLANG_WARN_OBJC_LITERAL_CONVERSION = YES;
				CLANG_WARN_OBJC_ROOT_CLASS = YES_ERROR;
				CLANG_WARN_QUOTED_INCLUDE_IN_FRAMEWORK_HEADER = YES;
				CLANG_WARN_RANGE_LOOP_ANALYSIS = YES;
				CLANG_WARN_STRICT_PROTOTYPES = YES;
				CLANG_WARN_SUSPICIOUS_MOVE = YES;
				CLANG_WARN_UNGUARDED_AVAILABILITY = YES_AGGRESSIVE;
				CLANG_WARN_UNREACHABLE_CODE = YES;
				CLANG_WARN__DUPLICATE_METHOD_MATCH = YES;
				COPY_PHASE_STRIP = NO;
				DEBUG_INFORMATION_FORMAT = "dwarf-with-dsym";
				ENABLE_NS_ASSERTIONS = NO;
				ENABLE_STRICT_OBJC_MSGSEND = YES;
				ENABLE_USER_SCRIPT_SANDBOXING = YES;
				GCC_C_LANGUAGE_STANDARD = gnu17;
				GCC_NO_COMMON_BLOCKS = YES;
				GCC_WARN_64_TO_32_BIT_CONVERSION = YES;
				GCC_WARN_ABOUT_RETURN_TYPE = YES_ERROR;
				GCC_WARN_UNDECLARED_SELECTOR = YES;
				GCC_WARN_UNINITIALIZED_AUTOS = YES_AGGRESSIVE;
				GCC_WARN_UNUSED_FUNCTION = YES;
				GCC_WARN_UNUSED_VARIABLE = YES;
				IPHONEOS_DEPLOYMENT_TARGET = 17.2;
				LOCALIZATION_PREFERS_STRING_CATALOGS = YES;
				MTL_ENABLE_DEBUG_INFO = NO;
				MTL_FAST_MATH = YES;
				SDKROOT = iphoneos;
				SWIFT_COMPILATION_MODE = wholemodule;
				VALIDATE_PRODUCT = YES;
			};
			name = Release;
		};
		ABD57A2A2B5D17760040B6BF /* Debug */ = {
			isa = XCBuildConfiguration;
			buildSettings = {
				ASSETCATALOG_COMPILER_APPICON_NAME = AppIcon;
				ASSETCATALOG_COMPILER_GLOBAL_ACCENT_COLOR_NAME = AccentColor;
				CODE_SIGN_STYLE = Automatic;
				CURRENT_PROJECT_VERSION = 1;
				DEVELOPMENT_ASSET_PATHS = "\"Landmarks/Preview Content\"";
				DEVELOPMENT_TEAM = 83YQ93W2HC;
				ENABLE_PREVIEWS = YES;
				GENERATE_INFOPLIST_FILE = YES;
				INFOPLIST_KEY_UIApplicationSceneManifest_Generation = YES;
				INFOPLIST_KEY_UIApplicationSupportsIndirectInputEvents = YES;
				INFOPLIST_KEY_UILaunchScreen_Generation = YES;
				INFOPLIST_KEY_UISupportedInterfaceOrientations_iPad = "UIInterfaceOrientationPortrait UIInterfaceOrientationPortraitUpsideDown UIInterfaceOrientationLandscapeLeft UIInterfaceOrientationLandscapeRight";
				INFOPLIST_KEY_UISupportedInterfaceOrientations_iPhone = "UIInterfaceOrientationPortrait UIInterfaceOrientationLandscapeLeft UIInterfaceOrientationLandscapeRight";
				LD_RUNPATH_SEARCH_PATHS = (
					"$(inherited)",
					"@executable_path/Frameworks",
				);
				MARKETING_VERSION = 1.0;
				PRODUCT_BUNDLE_IDENTIFIER = q.Landmarks;
				PRODUCT_NAME = "$(TARGET_NAME)";
				SWIFT_EMIT_LOC_STRINGS = YES;
				SWIFT_VERSION = 5.0;
				TARGETED_DEVICE_FAMILY = "1,2";
			};
			name = Debug;
		};
		ABD57A2B2B5D17760040B6BF /* Release */ = {
			isa = XCBuildConfiguration;
			buildSettings = {
				ASSETCATALOG_COMPILER_APPICON_NAME = AppIcon;
				ASSETCATALOG_COMPILER_GLOBAL_ACCENT_COLOR_NAME = AccentColor;
				CODE_SIGN_STYLE = Automatic;
				CURRENT_PROJECT_VERSION = 1;
				DEVELOPMENT_ASSET_PATHS = "\"Landmarks/Preview Content\"";
				DEVELOPMENT_TEAM = 83YQ93W2HC;
				ENABLE_PREVIEWS = YES;
				GENERATE_INFOPLIST_FILE = YES;
				INFOPLIST_KEY_UIApplicationSceneManifest_Generation = YES;
				INFOPLIST_KEY_UIApplicationSupportsIndirectInputEvents = YES;
				INFOPLIST_KEY_UILaunchScreen_Generation = YES;
				INFOPLIST_KEY_UISupportedInterfaceOrientations_iPad = "UIInterfaceOrientationPortrait UIInterfaceOrientationPortraitUpsideDown UIInterfaceOrientationLandscapeLeft UIInterfaceOrientationLandscapeRight";
				INFOPLIST_KEY_UISupportedInterfaceOrientations_iPhone = "UIInterfaceOrientationPortrait UIInterfaceOrientationLandscapeLeft UIInterfaceOrientationLandscapeRight";
				LD_RUNPATH_SEARCH_PATHS = (
					"$(inherited)",
					"@executable_path/Frameworks",
				);
				MARKETING_VERSION = 1.0;
				PRODUCT_BUNDLE_IDENTIFIER = q.Landmarks;
				PRODUCT_NAME = "$(TARGET_NAME)";
				SWIFT_EMIT_LOC_STRINGS = YES;
				SWIFT_VERSION = 5.0;
				TARGETED_DEVICE_FAMILY = "1,2";
			};
			name = Release;
		};
		ABD57A2D2B5D17760040B6BF /* Debug */ = {
			isa = XCBuildConfiguration;
			buildSettings = {
				ALWAYS_EMBED_SWIFT_STANDARD_LIBRARIES = YES;
				BUNDLE_LOADER = "$(TEST_HOST)";
				CODE_SIGN_STYLE = Automatic;
				CURRENT_PROJECT_VERSION = 1;
				DEVELOPMENT_TEAM = 83YQ93W2HC;
				GENERATE_INFOPLIST_FILE = YES;
				IPHONEOS_DEPLOYMENT_TARGET = 17.2;
				MARKETING_VERSION = 1.0;
				PRODUCT_BUNDLE_IDENTIFIER = q.LandmarksTests;
				PRODUCT_NAME = "$(TARGET_NAME)";
				SWIFT_EMIT_LOC_STRINGS = NO;
				SWIFT_VERSION = 5.0;
				TARGETED_DEVICE_FAMILY = "1,2";
				TEST_HOST = "$(BUILT_PRODUCTS_DIR)/Landmarks.app/$(BUNDLE_EXECUTABLE_FOLDER_PATH)/Landmarks";
			};
			name = Debug;
		};
		ABD57A2E2B5D17760040B6BF /* Release */ = {
			isa = XCBuildConfiguration;
			buildSettings = {
				ALWAYS_EMBED_SWIFT_STANDARD_LIBRARIES = YES;
				BUNDLE_LOADER = "$(TEST_HOST)";
				CODE_SIGN_STYLE = Automatic;
				CURRENT_PROJECT_VERSION = 1;
				DEVELOPMENT_TEAM = 83YQ93W2HC;
				GENERATE_INFOPLIST_FILE = YES;
				IPHONEOS_DEPLOYMENT_TARGET = 17.2;
				MARKETING_VERSION = 1.0;
				PRODUCT_BUNDLE_IDENTIFIER = q.LandmarksTests;
				PRODUCT_NAME = "$(TARGET_NAME)";
				SWIFT_EMIT_LOC_STRINGS = NO;
				SWIFT_VERSION = 5.0;
				TARGETED_DEVICE_FAMILY = "1,2";
				TEST_HOST = "$(BUILT_PRODUCTS_DIR)/Landmarks.app/$(BUNDLE_EXECUTABLE_FOLDER_PATH)/Landmarks";
			};
			name = Release;
		};
		ABD57A302B5D17760040B6BF /* Debug */ = {
			isa = XCBuildConfiguration;
			buildSettings = {
				ALWAYS_EMBED_SWIFT_STANDARD_LIBRARIES = YES;
				CODE_SIGN_STYLE = Automatic;
				CURRENT_PROJECT_VERSION = 1;
				DEVELOPMENT_TEAM = 83YQ93W2HC;
				GENERATE_INFOPLIST_FILE = YES;
				MARKETING_VERSION = 1.0;
				PRODUCT_BUNDLE_IDENTIFIER = q.LandmarksUITests;
				PRODUCT_NAME = "$(TARGET_NAME)";
				SWIFT_EMIT_LOC_STRINGS = NO;
				SWIFT_VERSION = 5.0;
				TARGETED_DEVICE_FAMILY = "1,2";
				TEST_TARGET_NAME = Landmarks;
			};
			name = Debug;
		};
		ABD57A312B5D17760040B6BF /* Release */ = {
			isa = XCBuildConfiguration;
			buildSettings = {
				ALWAYS_EMBED_SWIFT_STANDARD_LIBRARIES = YES;
				CODE_SIGN_STYLE = Automatic;
				CURRENT_PROJECT_VERSION = 1;
				DEVELOPMENT_TEAM = 83YQ93W2HC;
				GENERATE_INFOPLIST_FILE = YES;
				MARKETING_VERSION = 1.0;
				PRODUCT_BUNDLE_IDENTIFIER = q.LandmarksUITests;
				PRODUCT_NAME = "$(TARGET_NAME)";
				SWIFT_EMIT_LOC_STRINGS = NO;
				SWIFT_VERSION = 5.0;
				TARGETED_DEVICE_FAMILY = "1,2";
				TEST_TARGET_NAME = Landmarks;
			};
			name = Release;
		};
/* End XCBuildConfiguration section */

/* Begin XCConfigurationList section */
		ABD57A002B5D176F0040B6BF /* Build configuration list for PBXProject "Landmarks" */ = {
			isa = XCConfigurationList;
			buildConfigurations = (
				ABD57A272B5D17760040B6BF /* Debug */,
				ABD57A282B5D17760040B6BF /* Release */,
			);
			defaultConfigurationIsVisible = 0;
			defaultConfigurationName = Release;
		};
		ABD57A292B5D17760040B6BF /* Build configuration list for PBXNativeTarget "Landmarks" */ = {
			isa = XCConfigurationList;
			buildConfigurations = (
				ABD57A2A2B5D17760040B6BF /* Debug */,
				ABD57A2B2B5D17760040B6BF /* Release */,
			);
			defaultConfigurationIsVisible = 0;
			defaultConfigurationName = Release;
		};
		ABD57A2C2B5D17760040B6BF /* Build configuration list for PBXNativeTarget "LandmarksTests" */ = {
			isa = XCConfigurationList;
			buildConfigurations = (
				ABD57A2D2B5D17760040B6BF /* Debug */,
				ABD57A2E2B5D17760040B6BF /* Release */,
			);
			defaultConfigurationIsVisible = 0;
			defaultConfigurationName = Release;
		};
		ABD57A2F2B5D17760040B6BF /* Build configuration list for PBXNativeTarget "LandmarksUITests" */ = {
			isa = XCConfigurationList;
			buildConfigurations = (
				ABD57A302B5D17760040B6BF /* Debug */,
				ABD57A312B5D17760040B6BF /* Release */,
			);
			defaultConfigurationIsVisible = 0;
			defaultConfigurationName = Release;
		};
/* End XCConfigurationList section */
	};
	rootObject = ABD579FD2B5D176F0040B6BF /* Project object */;
}
